<?xml version="1.0" encoding="utf-8"?>
<Project ToolsVersion="4.0" xmlns="http://schemas.microsoft.com/developer/msbuild/2003">
  <ItemGroup>
    <Filter Include="Fichiers sources">
      <UniqueIdentifier>{4FC737F1-C7A5-4376-A066-2A32D752A2FF}</UniqueIdentifier>
      <Extensions>cpp;c;cc;cxx;c++;cppm;ixx;def;odl;idl;hpj;bat;asm;asmx</Extensions>
    </Filter>
    <Filter Include="Fichiers d%27en-tête">
      <UniqueIdentifier>{93995380-89BD-4b04-88EB-625FBE52EBFB}</UniqueIdentifier>
      <Extensions>h;hh;hpp;hxx;h++;hm;inl;inc;ipp;xsd</Extensions>
    </Filter>
    <Filter Include="Fichiers de ressources">
      <UniqueIdentifier>{67DA6AB6-F800-4c08-8B7A-83BB121AAD01}</UniqueIdentifier>
      <Extensions>rc;ico;cur;bmp;dlg;rc2;rct;bin;rgs;gif;jpg;jpeg;jpe;resx;tiff;tif;png;wav;mfcribbon-ms</Extensions>
    </Filter>
    <Filter Include="Deprecated">
      <UniqueIdentifier>{272b77bc-2967-4d5e-bb7f-dfb2a31a3965}</UniqueIdentifier>
    </Filter>
    <Filter Include="Deprecated\Components">
      <UniqueIdentifier>{aa29337d-d071-4ec0-919a-26448b0bbb43}</UniqueIdentifier>
    </Filter>
    <Filter Include="Deprecated\Components\Game">
      <UniqueIdentifier>{455a049b-2ffd-43d4-90c1-24daea862c50}</UniqueIdentifier>
    </Filter>
    <Filter Include="Deprecated\Components\System">
      <UniqueIdentifier>{80d38e67-ecea-41ac-8786-8536d52ed9ac}</UniqueIdentifier>
    </Filter>
    <Filter Include="Deprecated\GameObject">
      <UniqueIdentifier>{ad28a455-d2eb-48fd-afae-5acb194b821d}</UniqueIdentifier>
    </Filter>
    <Filter Include="Deprecated\Entities">
      <UniqueIdentifier>{f83642fc-98c1-4b0e-bfc4-006502714838}</UniqueIdentifier>
    </Filter>
    <Filter Include="Deprecated\AI">
      <UniqueIdentifier>{82ce43e1-62bd-4da3-982e-daf219c00a50}</UniqueIdentifier>
    </Filter>
    <Filter Include="Fichiers d%27en-tête\Game Systems">
      <UniqueIdentifier>{993d385c-c1cc-447d-b603-55ce21173592}</UniqueIdentifier>
    </Filter>
    <Filter Include="Fichiers d%27en-tête\ECS">
      <UniqueIdentifier>{ecc16ef1-39cd-45a6-b136-e955842a5df3}</UniqueIdentifier>
    </Filter>
    <Filter Include="Fichiers d%27en-tête\Engine Rendering">
      <UniqueIdentifier>{5c8281db-50ab-4825-b865-0c1309b369f8}</UniqueIdentifier>
    </Filter>
    <Filter Include="Fichiers d%27en-tête\Engine Rendering\Panels">
      <UniqueIdentifier>{60560b5d-fef9-4357-889d-c42f0d5b855e}</UniqueIdentifier>
    </Filter>
    <Filter Include="Fichiers d%27en-tête\Engine Systems">
      <UniqueIdentifier>{91f4ebbc-c117-462a-80e4-a75fe90e3b64}</UniqueIdentifier>
    </Filter>
    <Filter Include="Fichiers d%27en-tête\Engine Systems\Messages">
      <UniqueIdentifier>{9299da2e-ab55-41b2-ac58-56896f290d5e}</UniqueIdentifier>
    </Filter>
    <Filter Include="Fichiers d%27en-tête\Engine Systems\Inputs">
      <UniqueIdentifier>{841c4f31-7cef-4e3d-987b-76f3d68a8599}</UniqueIdentifier>
    </Filter>
    <Filter Include="Fichiers d%27en-tête\Engine Systems\System Helpers">
      <UniqueIdentifier>{d0159c18-c274-43b1-809e-3c469963281f}</UniqueIdentifier>
    </Filter>
    <Filter Include="Fichiers d%27en-tête\Engine Systems\Data &amp; Resources">
      <UniqueIdentifier>{4affccaa-0dff-45a8-a975-528c87ffd116}</UniqueIdentifier>
    </Filter>
  </ItemGroup>
  <ItemGroup>
    <ClCompile Include="Source\GameEngine.cpp">
      <Filter>Fichiers d%27en-tête\Engine Systems</Filter>
    </ClCompile>
    <ClCompile Include="source\GameObject.cpp">
      <Filter>Deprecated\GameObject</Filter>
    </ClCompile>
    <ClCompile Include="source\Npc.cpp">
      <Filter>Deprecated\Entities</Filter>
    </ClCompile>
    <ClCompile Include="Source\AI_Player.cpp">
      <Filter>Deprecated\AI</Filter>
    </ClCompile>
    <ClCompile Include="source\Player.cpp">
      <Filter>Deprecated\Entities</Filter>
    </ClCompile>
    <ClCompile Include="Source\system\GameMenu.cpp">
      <Filter>Fichiers d%27en-tête\Game Systems</Filter>
    </ClCompile>
    <ClCompile Include="Source\GameState.cpp">
      <Filter>Fichiers d%27en-tête\Game Systems</Filter>
    </ClCompile>
    <ClCompile Include="Source\OlympeEngine.cpp">
      <Filter>Fichiers sources</Filter>
    </ClCompile>
    <ClCompile Include="source\AI_Npc.cpp">
      <Filter>Deprecated\AI</Filter>
    </ClCompile>
    <ClCompile Include="source\VideoGame.cpp">
      <Filter>Fichiers d%27en-tête\Engine Systems</Filter>
    </ClCompile>
    <ClCompile Include="source\drawing.h">
      <Filter>Fichiers d%27en-tête\Engine Systems\System Helpers</Filter>
    </ClCompile>
    <ClCompile Include="Source\drawing.cpp">
      <Filter>Fichiers d%27en-tête\Engine Systems\System Helpers</Filter>
    </ClCompile>
    <ClCompile Include="Source\system\CameraManager.cpp">
      <Filter>Fichiers d%27en-tête\Engine Rendering</Filter>
    </ClCompile>
    <ClCompile Include="Source\system\SystemMenu.cpp">
      <Filter>Fichiers d%27en-tête\Engine Rendering</Filter>
    </ClCompile>
    <ClCompile Include="Source\system\ViewportManager.cpp">
      <Filter>Fichiers d%27en-tête\Engine Rendering</Filter>
    </ClCompile>
    <ClCompile Include="Source\system\MouseManager.cpp">
      <Filter>Fichiers d%27en-tête\Engine Systems\Inputs</Filter>
    </ClCompile>
    <ClCompile Include="Source\system\KeyboardManager.cpp">
      <Filter>Fichiers d%27en-tête\Engine Systems\Inputs</Filter>
    </ClCompile>
    <ClCompile Include="Source\system\JoystickManager.cpp">
      <Filter>Fichiers d%27en-tête\Engine Systems\Inputs</Filter>
    </ClCompile>
    <ClCompile Include="Source\DataManager.cpp">
      <Filter>Fichiers d%27en-tête\Engine Systems\Data &amp; Resources</Filter>
    </ClCompile>
    <ClCompile Include="source\system\system_utils.cpp">
      <Filter>Fichiers d%27en-tête\Engine Systems\System Helpers</Filter>
    </ClCompile>
    <ClCompile Include="Source\OlympeSystem.cpp">
      <Filter>Deprecated\Components\System</Filter>
    </ClCompile>
    <ClCompile Include="Source\Sprite.cpp">
      <Filter>Deprecated\Components\Game</Filter>
    </ClCompile>
    <ClCompile Include="Source\ObjectComponent.cpp">
      <Filter>Deprecated\Components\System</Filter>
    </ClCompile>
    <ClCompile Include="Source\InputsManager.cpp">
      <Filter>Fichiers d%27en-tête\Engine Systems\Inputs</Filter>
    </ClCompile>
    <ClCompile Include="source\ECS_Register.h">
      <Filter>Fichiers d%27en-tête\ECS</Filter>
    </ClCompile>
    <ClCompile Include="Source\ECS_Systems.cpp">
      <Filter>Fichiers d%27en-tête\ECS</Filter>
    </ClCompile>
    <ClCompile Include="Source\InputsInspectorPanel.cpp">
      <Filter>Fichiers d%27en-tête\Engine Rendering\Panels</Filter>
    </ClCompile>
    <ClCompile Include="Source\PanelManager.cpp">
      <Filter>Fichiers d%27en-tête\Engine Rendering\Panels</Filter>
    </ClCompile>
    <ClCompile Include="Source\World.cpp">
      <Filter>Fichiers sources</Filter>
    </ClCompile>
    <ClCompile Include="Source\vector.cpp">
      <Filter>Fichiers d%27en-tête\Engine Systems\System Helpers</Filter>
    </ClCompile>
    <ClCompile Include="Source\engine_utils.cpp">
      <Filter>Fichiers d%27en-tête\Engine Systems\System Helpers</Filter>
    </ClCompile>
  </ItemGroup>
  <ItemGroup>
    <ClInclude Include="Source\GameEngine.h">
      <Filter>Fichiers d%27en-tête\Engine Systems</Filter>
    </ClInclude>
    <ClInclude Include="Source\Object.h">
      <Filter>Deprecated\GameObject</Filter>
    </ClInclude>
    <ClInclude Include="Source\GameObject.h">
      <Filter>Deprecated\GameObject</Filter>
    </ClInclude>
    <ClInclude Include="Source\Npc.h">
      <Filter>Deprecated\Entities</Filter>
    </ClInclude>
    <ClInclude Include="source\system\system_consts.h">
      <Filter>Fichiers d%27en-tête\Engine Systems</Filter>
    </ClInclude>
    <ClInclude Include="Source\World.h">
      <Filter>Fichiers d%27en-tête\Engine Systems</Filter>
    </ClInclude>
    <ClInclude Include="Source\AI_Player.h">
      <Filter>Deprecated\AI</Filter>
    </ClInclude>
    <ClInclude Include="Source\Player.h">
      <Filter>Deprecated\Entities</Filter>
    </ClInclude>
    <ClInclude Include="Source\system\GameMenu.h">
      <Filter>Fichiers d%27en-tête\Game Systems</Filter>
    </ClInclude>
    <ClInclude Include="Source\GameRules.h">
      <Filter>Fichiers d%27en-tête\Game Systems</Filter>
    </ClInclude>
    <ClInclude Include="Source\GameState.h">
      <Filter>Fichiers d%27en-tête\Game Systems</Filter>
    </ClInclude>
    <ClInclude Include="Source\GraphicMap.h">
      <Filter>Fichiers d%27en-tête\Game Systems</Filter>
    </ClInclude>
    <ClInclude Include="Source\Level.h">
      <Filter>Fichiers d%27en-tête\Game Systems</Filter>
    </ClInclude>
    <ClInclude Include="Source\Objective.h">
      <Filter>Fichiers d%27en-tête\Game Systems</Filter>
    </ClInclude>
    <ClInclude Include="Source\Quest.h">
      <Filter>Fichiers d%27en-tête\Game Systems</Filter>
    </ClInclude>
    <ClInclude Include="Source\QuestManager.h">
      <Filter>Fichiers d%27en-tête\Game Systems</Filter>
    </ClInclude>
    <ClInclude Include="Source\Sector.h">
      <Filter>Fichiers d%27en-tête\Game Systems</Filter>
    </ClInclude>
    <ClInclude Include="Source\Task.h">
      <Filter>Fichiers d%27en-tête\Game Systems</Filter>
    </ClInclude>
    <ClInclude Include="Source\CollisionMap.h">
      <Filter>Fichiers d%27en-tête\Game Systems</Filter>
    </ClInclude>
    <ClInclude Include="resource.h">
      <Filter>Fichiers de ressources</Filter>
    </ClInclude>
    <ClInclude Include="source\resource.h">
      <Filter>Fichiers de ressources</Filter>
    </ClInclude>
    <ClInclude Include="source\AI_Npc.h">
      <Filter>Deprecated\AI</Filter>
    </ClInclude>
    <ClInclude Include="Source\OptionsManager.h">
      <Filter>Fichiers d%27en-tête\Engine Systems</Filter>
    </ClInclude>
    <ClInclude Include="Source\VideoGame.h">
      <Filter>Fichiers d%27en-tête\Engine Systems</Filter>
    </ClInclude>
    <ClInclude Include="Source\Factory.h">
      <Filter>Fichiers d%27en-tête\Engine Systems\System Helpers</Filter>
    </ClInclude>
    <ClInclude Include="Source\third_party\nlohmann\json.hpp">
      <Filter>Fichiers d%27en-tête\Engine Systems\System Helpers</Filter>
    </ClInclude>
    <ClInclude Include="Source\system\system_utils.h">
      <Filter>Fichiers d%27en-tête\Engine Systems\System Helpers</Filter>
    </ClInclude>
    <ClInclude Include="Source\Serialization.h">
      <Filter>Fichiers d%27en-tête\Engine Systems\System Helpers</Filter>
    </ClInclude>
    <ClInclude Include="Source\system\CameraManager.h">
      <Filter>Fichiers d%27en-tête\Engine Rendering</Filter>
    </ClInclude>
    <ClInclude Include="Source\system\SystemMenu.h">
      <Filter>Fichiers d%27en-tête\Engine Rendering</Filter>
    </ClInclude>
    <ClInclude Include="Source\system\ViewportManager.h">
      <Filter>Fichiers d%27en-tête\Engine Rendering</Filter>
    </ClInclude>
    <ClInclude Include="Source\system\MouseManager.h">
      <Filter>Fichiers d%27en-tête\Engine Systems\Inputs</Filter>
    </ClInclude>
    <ClInclude Include="Source\system\KeyboardManager.h">
      <Filter>Fichiers d%27en-tête\Engine Systems\Inputs</Filter>
    </ClInclude>
    <ClInclude Include="Source\system\JoystickManager.h">
      <Filter>Fichiers d%27en-tête\Engine Systems\Inputs</Filter>
    </ClInclude>
    <ClInclude Include="Source\InputsManager.h">
      <Filter>Fichiers d%27en-tête\Engine Systems\Inputs</Filter>
    </ClInclude>
    <ClInclude Include="Source\DataManager.h">
      <Filter>Fichiers d%27en-tête\Engine Systems\Data &amp; Resources</Filter>
    </ClInclude>
    <ClInclude Include="Source\system\EventManager.h">
      <Filter>Fichiers d%27en-tête\Engine Systems\Messages</Filter>
    </ClInclude>
    <ClInclude Include="Source\system\message.h">
      <Filter>Fichiers d%27en-tête\Engine Systems\Messages</Filter>
    </ClInclude>
    <ClInclude Include="Source\system\log_sink.h">
      <Filter>Fichiers d%27en-tête\Engine Systems\System Helpers</Filter>
    </ClInclude>
    <ClInclude Include="Source\PanelManager.h">
      <Filter>Fichiers d%27en-tête\Engine Rendering\Panels</Filter>
    </ClInclude>
    <ClInclude Include="Source\OlympeSystem.h">
      <Filter>Deprecated\Components\System</Filter>
    </ClInclude>
    <ClInclude Include="Source\Sprite.h">
      <Filter>Deprecated\Components\Game</Filter>
    </ClInclude>
    <ClInclude Include="Source\ObjectComponent.h">
      <Filter>Deprecated\Components\System</Filter>
    </ClInclude>
    <ClInclude Include="source\ECS_Entity.h">
      <Filter>Fichiers d%27en-tête\ECS</Filter>
    </ClInclude>
    <ClInclude Include="source\ECS_Components.h">
      <Filter>Fichiers d%27en-tête\ECS</Filter>
    </ClInclude>
    <ClInclude Include="source\ECS_Systems.h">
      <Filter>Fichiers d%27en-tête\ECS</Filter>
    </ClInclude>
    <ClInclude Include="Source\vector.h">
      <Filter>Fichiers d%27en-tête\Engine Systems\System Helpers</Filter>
    </ClInclude>
    <ClInclude Include="Source\engine_utils.h">
      <Filter>Fichiers d%27en-tête\Engine Systems\System Helpers</Filter>
    </ClInclude>
  </ItemGroup>
  <ItemGroup>
    <ResourceCompile Include="Olympe Engine.rc">
      <Filter>Fichiers de ressources</Filter>
    </ResourceCompile>
  </ItemGroup>
  <ItemGroup>
    <Image Include="Resources\olympe.ico">
      <Filter>Fichiers de ressources</Filter>
    </Image>
  </ItemGroup>
  <ItemGroup>
    <None Include="ClassDiagram.cd" />
    <None Include="olympe.ini">
      <Filter>Fichiers sources</Filter>
    </None>
  </ItemGroup>
  <ItemGroup>
    <Text Include="olympe.log" />
    <Text Include="credits.txt" />
  </ItemGroup>
</Project>