
Microsoft Visual Studio Solution File, Format Version 12.00
# Visual Studio Version 18
VisualStudioVersion = 18.3.11222.16
MinimumVisualStudioVersion = 10.0.40219.1
Project("{8BC9CEB8-8B4A-11D0-8D11-00A0C91BC942}") = "Olympe Engine", "Olympe Engine.vcxproj", "{7E778348-7AE8-44C3-95A4-303274248FE5}"
	ProjectSection(ProjectDependencies) = postProject
		{9B4C9E2A-0000-0000-0000-000000000001} = {9B4C9E2A-0000-0000-0000-000000000001}
	EndProjectSection
EndProject
Project("{FAE04EC0-301F-11D3-BF4B-00C04F79EFBC}") = "OlympeBlueprintEditor", "OlympeBlueprintEditor\OlympeBlueprintEditor.vcxproj", "{9B4C9E2A-0000-0000-0000-000000000001}"
EndProject
Global
	GlobalSection(SolutionConfigurationPlatforms) = preSolution
		Debug|x64 = Debug|x64
		Debug|x86 = Debug|x86
		Release|x64 = Release|x64
		Release|x86 = Release|x86
	EndGlobalSection
	GlobalSection(ProjectConfigurationPlatforms) = postSolution
		{7E778348-7AE8-44C3-95A4-303274248FE5}.Debug|x64.ActiveCfg = Debug|x64
		{7E778348-7AE8-44C3-95A4-303274248FE5}.Debug|x64.Build.0 = Debug|x64
		{7E778348-7AE8-44C3-95A4-303274248FE5}.Debug|x86.ActiveCfg = Debug|Win32
		{7E778348-7AE8-44C3-95A4-303274248FE5}.Debug|x86.Build.0 = Debug|Win32
		{7E778348-7AE8-44C3-95A4-303274248FE5}.Release|x64.ActiveCfg = Release|x64
		{7E778348-7AE8-44C3-95A4-303274248FE5}.Release|x64.Build.0 = Release|x64
		{7E778348-7AE8-44C3-95A4-303274248FE5}.Release|x86.ActiveCfg = Release|Win32
		{7E778348-7AE8-44C3-95A4-303274248FE5}.Release|x86.Build.0 = Release|Win32
		{9B4C9E2A-0000-0000-0000-000000000001}.Debug|x64.ActiveCfg = Debug|x86
		{9B4C9E2A-0000-0000-0000-000000000001}.Debug|x64.Build.0 = Debug|x86
		{9B4C9E2A-0000-0000-0000-000000000001}.Debug|x86.ActiveCfg = Debug|x86
		{9B4C9E2A-0000-0000-0000-000000000001}.Debug|x86.Build.0 = Debug|x86
		{9B4C9E2A-0000-0000-0000-000000000001}.Release|x64.ActiveCfg = Debug|x86
		{9B4C9E2A-0000-0000-0000-000000000001}.Release|x64.Build.0 = Debug|x86
		{9B4C9E2A-0000-0000-0000-000000000001}.Release|x86.ActiveCfg = Debug|x86
		{9B4C9E2A-0000-0000-0000-000000000001}.Release|x86.Build.0 = Debug|x86
	EndGlobalSection
	GlobalSection(SolutionProperties) = preSolution
		HideSolutionNode = FALSE
	EndGlobalSection
	GlobalSection(ExtensibilityGlobals) = postSolution
		SolutionGuid = {11159063-CA03-483F-B21D-F2438A11DBE3}
	EndGlobalSection
EndGlobal
