<?xml version="1.0" encoding="utf-8"?>
<Project ToolsVersion="4.0" xmlns="http://schemas.microsoft.com/developer/msbuild/2003">
  <ItemGroup>
    <ClCompile Include="src\main.cpp">
      <Filter>Source Files</Filter>
    </ClCompile>
    <ClCompile Include="src\Graph.cpp">
      <Filter>Source Files</Filter>
    </ClCompile>
    <ClCompile Include="src\serialize_example.cpp">
      <Filter>Source Files</Filter>
    </ClCompile>
    <ClInclude Include="include\BlueprintEditor.h">
      <Filter>Header Files</Filter>
    </ClInclude>
    <ClInclude Include="include\Graph.h">
      <Filter>Header Files</Filter>
    </ClInclude>
    <ClInclude Include="include\imnodes_stub.h">
      <Filter>Header Files</Filter>
    </ClInclude>
    <None Include="README.md">
      <Filter>Misc</Filter>
    </None>
  </ItemGroup>
</Project>
